
Microsoft Visual Studio Solution File, Format Version 12.00
# Visual Studio Version 17
VisualStudioVersion = 17.10.35013.160
MinimumVisualStudioVersion = 10.0.40219.1
Project("{FAE04EC0-301F-11D3-BF4B-00C04F79EFBC}") = "HomeStream.Api", "HomeStream.Api\HomeStream.Api.csproj", "{93C52217-CC5F-4C00-B7F4-FF73D6243E1E}"
EndProject
Project("{FAE04EC0-301F-11D3-BF4B-00C04F79EFBC}") = "HomeStream.Application", "HomeStream.Application\HomeStream.Application.csproj", "{3A04267B-9AE9-491F-9E1B-90865BFF5F84}"
EndProject
Project("{FAE04EC0-301F-11D3-BF4B-00C04F79EFBC}") = "HomeStream.Domain", "HomeStream.Domain\HomeStream.Domain.csproj", "{8E8D3958-1283-4F8A-BCDA-507C17DE0816}"
EndProject
Project("{FAE04EC0-301F-11D3-BF4B-00C04F79EFBC}") = "HomeStream.Infrastructure", "HomeStream.Infrastructure\HomeStream.Infrastructure.csproj", "{7C5C9558-BD13-4611-97D7-99493EC00B5E}"
EndProject
Project("{2150E333-8FDC-42A3-9474-1A3956D46DE8}") = "src", "src", "{F06DFE5E-173D-4E93-89BD-4AA8B36A3B16}"
EndProject
Project("{2150E333-8FDC-42A3-9474-1A3956D46DE8}") = "tests", "tests", "{661C42ED-3B3B-4B76-9384-0BD15868D3B4}"
	ProjectSection(SolutionItems) = preProject
		readme.md = readme.md
	EndProjectSection
EndProject
Global
	GlobalSection(SolutionConfigurationPlatforms) = preSolution
		Debug|Any CPU = Debug|Any CPU
		Release|Any CPU = Release|Any CPU
	EndGlobalSection
	GlobalSection(ProjectConfigurationPlatforms) = postSolution
		{93C52217-CC5F-4C00-B7F4-FF73D6243E1E}.Debug|Any CPU.ActiveCfg = Debug|Any CPU
		{93C52217-CC5F-4C00-B7F4-FF73D6243E1E}.Debug|Any CPU.Build.0 = Debug|Any CPU
		{93C52217-CC5F-4C00-B7F4-FF73D6243E1E}.Release|Any CPU.ActiveCfg = Release|Any CPU
		{93C52217-CC5F-4C00-B7F4-FF73D6243E1E}.Release|Any CPU.Build.0 = Release|Any CPU
		{3A04267B-9AE9-491F-9E1B-90865BFF5F84}.Debug|Any CPU.ActiveCfg = Debug|Any CPU
		{3A04267B-9AE9-491F-9E1B-90865BFF5F84}.Debug|Any CPU.Build.0 = Debug|Any CPU
		{3A04267B-9AE9-491F-9E1B-90865BFF5F84}.Release|Any CPU.ActiveCfg = Release|Any CPU
		{3A04267B-9AE9-491F-9E1B-90865BFF5F84}.Release|Any CPU.Build.0 = Release|Any CPU
		{8E8D3958-1283-4F8A-BCDA-507C17DE0816}.Debug|Any CPU.ActiveCfg = Debug|Any CPU
		{8E8D3958-1283-4F8A-BCDA-507C17DE0816}.Debug|Any CPU.Build.0 = Debug|Any CPU
		{8E8D3958-1283-4F8A-BCDA-507C17DE0816}.Release|Any CPU.ActiveCfg = Release|Any CPU
		{8E8D3958-1283-4F8A-BCDA-507C17DE0816}.Release|Any CPU.Build.0 = Release|Any CPU
		{7C5C9558-BD13-4611-97D7-99493EC00B5E}.Debug|Any CPU.ActiveCfg = Debug|Any CPU
		{7C5C9558-BD13-4611-97D7-99493EC00B5E}.Debug|Any CPU.Build.0 = Debug|Any CPU
		{7C5C9558-BD13-4611-97D7-99493EC00B5E}.Release|Any CPU.ActiveCfg = Release|Any CPU
		{7C5C9558-BD13-4611-97D7-99493EC00B5E}.Release|Any CPU.Build.0 = Release|Any CPU
	EndGlobalSection
	GlobalSection(SolutionProperties) = preSolution
		HideSolutionNode = FALSE
	EndGlobalSection
	GlobalSection(NestedProjects) = preSolution
		{93C52217-CC5F-4C00-B7F4-FF73D6243E1E} = {F06DFE5E-173D-4E93-89BD-4AA8B36A3B16}
		{3A04267B-9AE9-491F-9E1B-90865BFF5F84} = {F06DFE5E-173D-4E93-89BD-4AA8B36A3B16}
		{8E8D3958-1283-4F8A-BCDA-507C17DE0816} = {F06DFE5E-173D-4E93-89BD-4AA8B36A3B16}
		{7C5C9558-BD13-4611-97D7-99493EC00B5E} = {F06DFE5E-173D-4E93-89BD-4AA8B36A3B16}
	EndGlobalSection
	GlobalSection(ExtensibilityGlobals) = postSolution
		SolutionGuid = {FCC66530-5741-4CAE-8782-1359088A9C91}
	EndGlobalSection
EndGlobal
