
Microsoft Visual Studio Solution File, Format Version 12.00
# Visual Studio Version 17
VisualStudioVersion = 17.10.35013.160
MinimumVisualStudioVersion = 10.0.40219.1
Project("{9A19103F-16F7-4668-BE54-9A1E7A4F7556}") = "HomeStream.Api", "src\HomeStream.Api\HomeStream.Api.csproj", "{93C52217-CC5F-4C00-B7F4-FF73D6243E1E}"
EndProject
Project("{9A19103F-16F7-4668-BE54-9A1E7A4F7556}") = "HomeStream.Application", "src\HomeStream.Application\HomeStream.Application.csproj", "{3A04267B-9AE9-491F-9E1B-90865BFF5F84}"
EndProject
Project("{9A19103F-16F7-4668-BE54-9A1E7A4F7556}") = "HomeStream.Domain", "src\HomeStream.Domain\HomeStream.Domain.csproj", "{8E8D3958-1283-4F8A-BCDA-507C17DE0816}"
EndProject
Project("{9A19103F-16F7-4668-BE54-9A1E7A4F7556}") = "HomeStream.Infrastructure", "src\HomeStream.Infrastructure\HomeStream.Infrastructure.csproj", "{7C5C9558-BD13-4611-97D7-99493EC00B5E}"
EndProject
Project("{2150E333-8FDC-42A3-9474-1A3956D46DE8}") = "src", "src", "{497F4140-5FF6-470B-893C-C6A2B85701E8}"
EndProject
Project("{2150E333-8FDC-42A3-9474-1A3956D46DE8}") = "test", "test", "{CBAC9BB2-9080-4FDB-857A-C079156CC523}"
EndProject
Global
	GlobalSection(SolutionConfigurationPlatforms) = preSolution
		Debug|Any CPU = Debug|Any CPU
		Release|Any CPU = Release|Any CPU
	EndGlobalSection
	GlobalSection(ProjectConfigurationPlatforms) = postSolution
		{93C52217-CC5F-4C00-B7F4-FF73D6243E1E}.Debug|Any CPU.ActiveCfg = Debug|Any CPU
		{93C52217-CC5F-4C00-B7F4-FF73D6243E1E}.Debug|Any CPU.Build.0 = Debug|Any CPU
		{93C52217-CC5F-4C00-B7F4-FF73D6243E1E}.Release|Any CPU.ActiveCfg = Release|Any CPU
		{93C52217-CC5F-4C00-B7F4-FF73D6243E1E}.Release|Any CPU.Build.0 = Release|Any CPU
		{3A04267B-9AE9-491F-9E1B-90865BFF5F84}.Debug|Any CPU.ActiveCfg = Debug|Any CPU
		{3A04267B-9AE9-491F-9E1B-90865BFF5F84}.Debug|Any CPU.Build.0 = Debug|Any CPU
		{3A04267B-9AE9-491F-9E1B-90865BFF5F84}.Release|Any CPU.ActiveCfg = Release|Any CPU
		{3A04267B-9AE9-491F-9E1B-90865BFF5F84}.Release|Any CPU.Build.0 = Release|Any CPU
		{8E8D3958-1283-4F8A-BCDA-507C17DE0816}.Debug|Any CPU.ActiveCfg = Debug|Any CPU
		{8E8D3958-1283-4F8A-BCDA-507C17DE0816}.Debug|Any CPU.Build.0 = Debug|Any CPU
		{8E8D3958-1283-4F8A-BCDA-507C17DE0816}.Release|Any CPU.ActiveCfg = Release|Any CPU
		{8E8D3958-1283-4F8A-BCDA-507C17DE0816}.Release|Any CPU.Build.0 = Release|Any CPU
		{7C5C9558-BD13-4611-97D7-99493EC00B5E}.Debug|Any CPU.ActiveCfg = Debug|Any CPU
		{7C5C9558-BD13-4611-97D7-99493EC00B5E}.Debug|Any CPU.Build.0 = Debug|Any CPU
		{7C5C9558-BD13-4611-97D7-99493EC00B5E}.Release|Any CPU.ActiveCfg = Release|Any CPU
		{7C5C9558-BD13-4611-97D7-99493EC00B5E}.Release|Any CPU.Build.0 = Release|Any CPU
	EndGlobalSection
	GlobalSection(SolutionProperties) = preSolution
		HideSolutionNode = FALSE
	EndGlobalSection
	GlobalSection(NestedProjects) = preSolution
		{93C52217-CC5F-4C00-B7F4-FF73D6243E1E} = {497F4140-5FF6-470B-893C-C6A2B85701E8}
		{3A04267B-9AE9-491F-9E1B-90865BFF5F84} = {497F4140-5FF6-470B-893C-C6A2B85701E8}
		{8E8D3958-1283-4F8A-BCDA-507C17DE0816} = {497F4140-5FF6-470B-893C-C6A2B85701E8}
		{7C5C9558-BD13-4611-97D7-99493EC00B5E} = {497F4140-5FF6-470B-893C-C6A2B85701E8}
	EndGlobalSection
	GlobalSection(ExtensibilityGlobals) = postSolution
		SolutionGuid = {FCC66530-5741-4CAE-8782-1359088A9C91}
	EndGlobalSection
EndGlobal
